
Microsoft Visual Studio Solution File, Format Version 12.00
Project("{FAE04EC0-301F-11D3-BF4B-00C04F79EFBC}") = "Cwiczenia10", "Cwiczenia10\Cwiczenia10.csproj", "{C8FB6DA2-2C54-409B-B993-2D5FD30DFCDA}"
EndProject
Global
	GlobalSection(SolutionConfigurationPlatforms) = preSolution
		Debug|Any CPU = Debug|Any CPU
		Release|Any CPU = Release|Any CPU
	EndGlobalSection
	GlobalSection(ProjectConfigurationPlatforms) = postSolution
		{C8FB6DA2-2C54-409B-B993-2D5FD30DFCDA}.Debug|Any CPU.ActiveCfg = Debug|Any CPU
		{C8FB6DA2-2C54-409B-B993-2D5FD30DFCDA}.Debug|Any CPU.Build.0 = Debug|Any CPU
		{C8FB6DA2-2C54-409B-B993-2D5FD30DFCDA}.Release|Any CPU.ActiveCfg = Release|Any CPU
		{C8FB6DA2-2C54-409B-B993-2D5FD30DFCDA}.Release|Any CPU.Build.0 = Release|Any CPU
	EndGlobalSection
EndGlobal
